
Microsoft Visual Studio Solution File, Format Version 12.00
# Visual Studio Version 17
VisualStudioVersion = 17.10.35013.160
MinimumVisualStudioVersion = 10.0.40219.1
Project("{FAE04EC0-301F-11D3-BF4B-00C04F79EFBC}") = "WebAPIClient", "WebAPIClient\WebAPIClient.csproj", "{5E47DE3B-3DB9-4316-BF4F-A3FA8ADDB499}"
EndProject
Global
	GlobalSection(SolutionConfigurationPlatforms) = preSolution
		Debug|Any CPU = Debug|Any CPU
		Release|Any CPU = Release|Any CPU
	EndGlobalSection
	GlobalSection(ProjectConfigurationPlatforms) = postSolution
		{5E47DE3B-3DB9-4316-BF4F-A3FA8ADDB499}.Debug|Any CPU.ActiveCfg = Debug|Any CPU
		{5E47DE3B-3DB9-4316-BF4F-A3FA8ADDB499}.Debug|Any CPU.Build.0 = Debug|Any CPU
		{5E47DE3B-3DB9-4316-BF4F-A3FA8ADDB499}.Release|Any CPU.ActiveCfg = Release|Any CPU
		{5E47DE3B-3DB9-4316-BF4F-A3FA8ADDB499}.Release|Any CPU.Build.0 = Release|Any CPU
	EndGlobalSection
	GlobalSection(SolutionProperties) = preSolution
		HideSolutionNode = FALSE
	EndGlobalSection
	GlobalSection(ExtensibilityGlobals) = postSolution
		SolutionGuid = {042B36AA-E77E-43E8-BDFE-125F4047A714}
	EndGlobalSection
EndGlobal
